
Microsoft Visual Studio Solution File, Format Version 12.00
Project("{2150E333-8FDC-42A3-9474-1A3956D46DE8}") = "Share", "Share", "{46E307D5-C8BB-448D-B554-D71F368FF1D5}"
EndProject
Project("{FAE04EC0-301F-11D3-BF4B-00C04F79EFBC}") = "Share.Tool", "Share\Tool\Share.Tool.csproj", "{4671CA1D-B930-43FB-A8A0-95974D0863D3}"
EndProject
Project("{2150E333-8FDC-42A3-9474-1A3956D46DE8}") = "Unity", "Unity", "{DBF1346C-80AC-4E08-905B-AE53CA14DD0C}"
EndProject
Project("{FAE04EC0-301F-11D3-BF4B-00C04F79EFBC}") = "Game", "Unity\Game.csproj", "{03938CCD-4B40-8DFB-6B9B-21988D5CAC0A}"
EndProject
Project("{FAE04EC0-301F-11D3-BF4B-00C04F79EFBC}") = "Game-Editor", "Unity\Game-Editor.csproj", "{C6E61163-200A-3B38-320B-694068DE37A5}"
EndProject
Project("{FAE04EC0-301F-11D3-BF4B-00C04F79EFBC}") = "GameFramework", "Unity\GameFramework.csproj", "{99F19A12-8911-B619-55FB-E6FF52055C84}"
EndProject
Project("{FAE04EC0-301F-11D3-BF4B-00C04F79EFBC}") = "UnityGameFramework.Editor", "Unity\UnityGameFramework.Editor.csproj", "{60EE053C-AFBD-40BD-5F9E-17703ECD8866}"
EndProject
Project("{FAE04EC0-301F-11D3-BF4B-00C04F79EFBC}") = "UnityGameFramework.Runtime", "Unity\UnityGameFramework.Runtime.csproj", "{F3957A05-32FB-7A1D-1800-93B541CF6D76}"
EndProject
Global
	GlobalSection(SolutionConfigurationPlatforms) = preSolution
		Debug|Any CPU = Debug|Any CPU
		Release|Any CPU = Release|Any CPU
	EndGlobalSection
	GlobalSection(NestedProjects) = preSolution
		{4671CA1D-B930-43FB-A8A0-95974D0863D3} = {46E307D5-C8BB-448D-B554-D71F368FF1D5}
		{03938CCD-4B40-8DFB-6B9B-21988D5CAC0A} = {DBF1346C-80AC-4E08-905B-AE53CA14DD0C}
		{C6E61163-200A-3B38-320B-694068DE37A5} = {DBF1346C-80AC-4E08-905B-AE53CA14DD0C}
		{99F19A12-8911-B619-55FB-E6FF52055C84} = {DBF1346C-80AC-4E08-905B-AE53CA14DD0C}
		{60EE053C-AFBD-40BD-5F9E-17703ECD8866} = {DBF1346C-80AC-4E08-905B-AE53CA14DD0C}
		{F3957A05-32FB-7A1D-1800-93B541CF6D76} = {DBF1346C-80AC-4E08-905B-AE53CA14DD0C}
	EndGlobalSection
	GlobalSection(ProjectConfigurationPlatforms) = postSolution
		{4671CA1D-B930-43FB-A8A0-95974D0863D3}.Debug|Any CPU.ActiveCfg = Debug|Any CPU
		{4671CA1D-B930-43FB-A8A0-95974D0863D3}.Debug|Any CPU.Build.0 = Debug|Any CPU
		{4671CA1D-B930-43FB-A8A0-95974D0863D3}.Release|Any CPU.ActiveCfg = Release|Any CPU
		{4671CA1D-B930-43FB-A8A0-95974D0863D3}.Release|Any CPU.Build.0 = Release|Any CPU
		{03938CCD-4B40-8DFB-6B9B-21988D5CAC0A}.Debug|Any CPU.ActiveCfg = Debug|Any CPU
		{03938CCD-4B40-8DFB-6B9B-21988D5CAC0A}.Debug|Any CPU.Build.0 = Debug|Any CPU
		{03938CCD-4B40-8DFB-6B9B-21988D5CAC0A}.Release|Any CPU.ActiveCfg = Debug|Any CPU
		{03938CCD-4B40-8DFB-6B9B-21988D5CAC0A}.Release|Any CPU.Build.0 = Debug|Any CPU
		{C6E61163-200A-3B38-320B-694068DE37A5}.Debug|Any CPU.ActiveCfg = Debug|Any CPU
		{C6E61163-200A-3B38-320B-694068DE37A5}.Debug|Any CPU.Build.0 = Debug|Any CPU
		{C6E61163-200A-3B38-320B-694068DE37A5}.Release|Any CPU.ActiveCfg = Debug|Any CPU
		{C6E61163-200A-3B38-320B-694068DE37A5}.Release|Any CPU.Build.0 = Debug|Any CPU
		{99F19A12-8911-B619-55FB-E6FF52055C84}.Debug|Any CPU.ActiveCfg = Debug|Any CPU
		{99F19A12-8911-B619-55FB-E6FF52055C84}.Debug|Any CPU.Build.0 = Debug|Any CPU
		{99F19A12-8911-B619-55FB-E6FF52055C84}.Release|Any CPU.ActiveCfg = Debug|Any CPU
		{99F19A12-8911-B619-55FB-E6FF52055C84}.Release|Any CPU.Build.0 = Debug|Any CPU
		{60EE053C-AFBD-40BD-5F9E-17703ECD8866}.Debug|Any CPU.ActiveCfg = Debug|Any CPU
		{60EE053C-AFBD-40BD-5F9E-17703ECD8866}.Debug|Any CPU.Build.0 = Debug|Any CPU
		{60EE053C-AFBD-40BD-5F9E-17703ECD8866}.Release|Any CPU.ActiveCfg = Debug|Any CPU
		{60EE053C-AFBD-40BD-5F9E-17703ECD8866}.Release|Any CPU.Build.0 = Debug|Any CPU
		{F3957A05-32FB-7A1D-1800-93B541CF6D76}.Debug|Any CPU.ActiveCfg = Debug|Any CPU
		{F3957A05-32FB-7A1D-1800-93B541CF6D76}.Debug|Any CPU.Build.0 = Debug|Any CPU
		{F3957A05-32FB-7A1D-1800-93B541CF6D76}.Release|Any CPU.ActiveCfg = Debug|Any CPU
		{F3957A05-32FB-7A1D-1800-93B541CF6D76}.Release|Any CPU.Build.0 = Debug|Any CPU
	EndGlobalSection
EndGlobal
